
Microsoft Visual Studio Solution File, Format Version 12.00
# Visual Studio 2012
Project("{8BC9CEB8-8B4A-11D0-8D11-00A0C91BC942}") = "LsadumpSecrets", "LsadumpSecrets\LsadumpSecrets.vcxproj", "{F4DB7661-CDFD-4513-9D34-6C66FF0AA125}"
EndProject
Project("{8BC9CEB8-8B4A-11D0-8D11-00A0C91BC942}") = "serviceFu", "serviceFu\serviceFu.vcxproj", "{C88718EE-A851-41B5-9565-C1F32353881E}"
	ProjectSection(ProjectDependencies) = postProject
		{F4DB7661-CDFD-4513-9D34-6C66FF0AA125} = {F4DB7661-CDFD-4513-9D34-6C66FF0AA125}
	EndProjectSection
EndProject
Global
	GlobalSection(SolutionConfigurationPlatforms) = preSolution
		Debug_Combine|Win32 = Debug_Combine|Win32
		Debug_Combine|x64 = Debug_Combine|x64
		Debug|Win32 = Debug|Win32
		Debug|x64 = Debug|x64
		Release_Combine|Win32 = Release_Combine|Win32
		Release_Combine|x64 = Release_Combine|x64
		Release|Win32 = Release|Win32
		Release|x64 = Release|x64
	EndGlobalSection
	GlobalSection(ProjectConfigurationPlatforms) = postSolution
		{F4DB7661-CDFD-4513-9D34-6C66FF0AA125}.Debug_Combine|Win32.ActiveCfg = Debug_Combine|Win32
		{F4DB7661-CDFD-4513-9D34-6C66FF0AA125}.Debug_Combine|Win32.Build.0 = Debug_Combine|Win32
		{F4DB7661-CDFD-4513-9D34-6C66FF0AA125}.Debug_Combine|x64.ActiveCfg = Debug_Combine|x64
		{F4DB7661-CDFD-4513-9D34-6C66FF0AA125}.Debug_Combine|x64.Build.0 = Debug_Combine|x64
		{F4DB7661-CDFD-4513-9D34-6C66FF0AA125}.Debug|Win32.ActiveCfg = Debug|Win32
		{F4DB7661-CDFD-4513-9D34-6C66FF0AA125}.Debug|Win32.Build.0 = Debug|Win32
		{F4DB7661-CDFD-4513-9D34-6C66FF0AA125}.Debug|x64.ActiveCfg = Debug|x64
		{F4DB7661-CDFD-4513-9D34-6C66FF0AA125}.Debug|x64.Build.0 = Debug|x64
		{F4DB7661-CDFD-4513-9D34-6C66FF0AA125}.Release_Combine|Win32.ActiveCfg = Release_Combine|Win32
		{F4DB7661-CDFD-4513-9D34-6C66FF0AA125}.Release_Combine|Win32.Build.0 = Release_Combine|Win32
		{F4DB7661-CDFD-4513-9D34-6C66FF0AA125}.Release_Combine|x64.ActiveCfg = Release_Combine|x64
		{F4DB7661-CDFD-4513-9D34-6C66FF0AA125}.Release_Combine|x64.Build.0 = Release_Combine|x64
		{F4DB7661-CDFD-4513-9D34-6C66FF0AA125}.Release|Win32.ActiveCfg = Release|Win32
		{F4DB7661-CDFD-4513-9D34-6C66FF0AA125}.Release|Win32.Build.0 = Release|Win32
		{F4DB7661-CDFD-4513-9D34-6C66FF0AA125}.Release|x64.ActiveCfg = Release|x64
		{F4DB7661-CDFD-4513-9D34-6C66FF0AA125}.Release|x64.Build.0 = Release|x64
		{C88718EE-A851-41B5-9565-C1F32353881E}.Debug_Combine|Win32.ActiveCfg = Debug_Combine|Win32
		{C88718EE-A851-41B5-9565-C1F32353881E}.Debug_Combine|Win32.Build.0 = Debug_Combine|Win32
		{C88718EE-A851-41B5-9565-C1F32353881E}.Debug_Combine|x64.ActiveCfg = Debug_Combine|x64
		{C88718EE-A851-41B5-9565-C1F32353881E}.Debug_Combine|x64.Build.0 = Debug_Combine|x64
		{C88718EE-A851-41B5-9565-C1F32353881E}.Debug|Win32.ActiveCfg = Debug|Win32
		{C88718EE-A851-41B5-9565-C1F32353881E}.Debug|Win32.Build.0 = Debug|Win32
		{C88718EE-A851-41B5-9565-C1F32353881E}.Debug|x64.ActiveCfg = Debug|x64
		{C88718EE-A851-41B5-9565-C1F32353881E}.Debug|x64.Build.0 = Debug|x64
		{C88718EE-A851-41B5-9565-C1F32353881E}.Release_Combine|Win32.ActiveCfg = Release_Combine|Win32
		{C88718EE-A851-41B5-9565-C1F32353881E}.Release_Combine|Win32.Build.0 = Release_Combine|Win32
		{C88718EE-A851-41B5-9565-C1F32353881E}.Release_Combine|x64.ActiveCfg = Release_Combine|x64
		{C88718EE-A851-41B5-9565-C1F32353881E}.Release_Combine|x64.Build.0 = Release_Combine|x64
		{C88718EE-A851-41B5-9565-C1F32353881E}.Release|Win32.ActiveCfg = Release|Win32
		{C88718EE-A851-41B5-9565-C1F32353881E}.Release|Win32.Build.0 = Release|Win32
		{C88718EE-A851-41B5-9565-C1F32353881E}.Release|x64.ActiveCfg = Release|x64
		{C88718EE-A851-41B5-9565-C1F32353881E}.Release|x64.Build.0 = Release|x64
	EndGlobalSection
	GlobalSection(SolutionProperties) = preSolution
		HideSolutionNode = FALSE
	EndGlobalSection
EndGlobal
